
Microsoft Visual Studio Solution File, Format Version 12.00
# Visual Studio 2015
Project("{FAE04EC0-301F-11D3-BF4B-00C04F79EFBC}") = "TheShooter.Plugins", "TheShooter.Plugins.csproj", "{9E6AE6B9-448B-8DDE-A894-81A8D05D8178}"
EndProject
Project("{FAE04EC0-301F-11D3-BF4B-00C04F79EFBC}") = "TheShooter", "TheShooter.csproj", "{ADAF5801-6DDE-8DCE-B8D7-49B10469F758}"
EndProject
Project("{FAE04EC0-301F-11D3-BF4B-00C04F79EFBC}") = "TheShooter.Editor.Plugins", "TheShooter.Editor.Plugins.csproj", "{F6B9F20B-F9C2-624F-C538-2BF01F2D4F64}"
EndProject
Project("{FAE04EC0-301F-11D3-BF4B-00C04F79EFBC}") = "TheShooter.Editor", "TheShooter.Editor.csproj", "{51FD57D1-6063-EC0F-0EF4-BBC322DCCB80}"
EndProject
Global
	GlobalSection(SolutionConfigurationPlatforms) = preSolution
		Debug|Any CPU = Debug|Any CPU
		Release|Any CPU = Release|Any CPU
	EndGlobalSection
	GlobalSection(ProjectConfigurationPlatforms) = postSolution
		{9E6AE6B9-448B-8DDE-A894-81A8D05D8178}.Debug|Any CPU.ActiveCfg = Debug|Any CPU
		{9E6AE6B9-448B-8DDE-A894-81A8D05D8178}.Debug|Any CPU.Build.0 = Debug|Any CPU
		{9E6AE6B9-448B-8DDE-A894-81A8D05D8178}.Release|Any CPU.ActiveCfg = Release|Any CPU
		{9E6AE6B9-448B-8DDE-A894-81A8D05D8178}.Release|Any CPU.Build.0 = Release|Any CPU
		{ADAF5801-6DDE-8DCE-B8D7-49B10469F758}.Debug|Any CPU.ActiveCfg = Debug|Any CPU
		{ADAF5801-6DDE-8DCE-B8D7-49B10469F758}.Debug|Any CPU.Build.0 = Debug|Any CPU
		{ADAF5801-6DDE-8DCE-B8D7-49B10469F758}.Release|Any CPU.ActiveCfg = Release|Any CPU
		{ADAF5801-6DDE-8DCE-B8D7-49B10469F758}.Release|Any CPU.Build.0 = Release|Any CPU
		{F6B9F20B-F9C2-624F-C538-2BF01F2D4F64}.Debug|Any CPU.ActiveCfg = Debug|Any CPU
		{F6B9F20B-F9C2-624F-C538-2BF01F2D4F64}.Debug|Any CPU.Build.0 = Debug|Any CPU
		{F6B9F20B-F9C2-624F-C538-2BF01F2D4F64}.Release|Any CPU.ActiveCfg = Release|Any CPU
		{F6B9F20B-F9C2-624F-C538-2BF01F2D4F64}.Release|Any CPU.Build.0 = Release|Any CPU
		{51FD57D1-6063-EC0F-0EF4-BBC322DCCB80}.Debug|Any CPU.ActiveCfg = Debug|Any CPU
		{51FD57D1-6063-EC0F-0EF4-BBC322DCCB80}.Debug|Any CPU.Build.0 = Debug|Any CPU
		{51FD57D1-6063-EC0F-0EF4-BBC322DCCB80}.Release|Any CPU.ActiveCfg = Release|Any CPU
		{51FD57D1-6063-EC0F-0EF4-BBC322DCCB80}.Release|Any CPU.Build.0 = Release|Any CPU
	EndGlobalSection
	GlobalSection(SolutionProperties) = preSolution
		HideSolutionNode = FALSE
	EndGlobalSection
EndGlobal
